Microsoft Visual Studio Solution File, Format Version 12.00
# Visual Studio Version 17
VisualStudioVersion = 17.13.35931.197
MinimumVisualStudioVersion = 10.0.40219.1
Project("{FAE04EC0-301F-11D3-BF4B-00C04F79EFBC}") = "Realtime_D3.Maui", "Realtime_D3.Maui\Realtime_D3.Maui.csproj", "{BBE0F1B5-0F0F-F62F-E419-A4D67D0F246E}"
EndProject
Project("{FAE04EC0-301F-11D3-BF4B-00C04F79EFBC}") = "Realtime_D3.Maui.Shared", "Realtime_D3.Maui.Shared\Realtime_D3.Maui.Shared.csproj", "{0D0DB5FA-318C-4075-3056-7C4E1C5D88CA}"
EndProject
Global
	GlobalSection(SolutionConfigurationPlatforms) = preSolution
		Debug|Any CPU = Debug|Any CPU
		Release|Any CPU = Release|Any CPU
	EndGlobalSection
	GlobalSection(ProjectConfigurationPlatforms) = postSolution
		{BBE0F1B5-0F0F-F62F-E419-A4D67D0F246E}.Debug|Any CPU.ActiveCfg = Debug|Any CPU
		{BBE0F1B5-0F0F-F62F-E419-A4D67D0F246E}.Debug|Any CPU.Build.0 = Debug|Any CPU
		{BBE0F1B5-0F0F-F62F-E419-A4D67D0F246E}.Release|Any CPU.ActiveCfg = Release|Any CPU
		{BBE0F1B5-0F0F-F62F-E419-A4D67D0F246E}.Release|Any CPU.Build.0 = Release|Any CPU
		{0D0DB5FA-318C-4075-3056-7C4E1C5D88CA}.Debug|Any CPU.ActiveCfg = Debug|Any CPU
		{0D0DB5FA-318C-4075-3056-7C4E1C5D88CA}.Debug|Any CPU.Build.0 = Debug|Any CPU
		{0D0DB5FA-318C-4075-3056-7C4E1C5D88CA}.Release|Any CPU.ActiveCfg = Release|Any CPU
		{0D0DB5FA-318C-4075-3056-7C4E1C5D88CA}.Release|Any CPU.Build.0 = Release|Any CPU
	EndGlobalSection
	GlobalSection(SolutionProperties) = preSolution
		HideSolutionNode = FALSE
	EndGlobalSection
	GlobalSection(ExtensibilityGlobals) = postSolution
		SolutionGuid = {7D05B464-B341-440B-878E-6A38E9ADD849}
	EndGlobalSection
EndGlobal
