
Microsoft Visual Studio Solution File, Format Version 12.00
# Visual Studio Version 17
VisualStudioVersion = 17.0.31912.275
MinimumVisualStudioVersion = 10.0.40219.1
Project("{9A19103F-16F7-4668-BE54-9A1E7A4F7556}") = "Log_generator", "Log_generator\Log_generator.csproj", "{1B7D3308-3692-48A8-895E-FEFCB26BC11F}"
EndProject
Project("{FAE04EC0-301F-11D3-BF4B-00C04F79EFBC}") = "WASM_Reatime_D3", "WASM_Reatime_D3\WASM_Reatime_D3.csproj", "{0EC027F3-0A9C-49C5-9910-D3EA7C02AC7F}"
EndProject
Project("{FAE04EC0-301F-11D3-BF4B-00C04F79EFBC}") = "Realtime_D3.GRPC", "Realtime_D3.GRPC\Realtime_D3.GRPC.csproj", "{E9D9D9E8-1094-4BE6-8C8B-52C80A731285}"
EndProject
Global
	GlobalSection(SolutionConfigurationPlatforms) = preSolution
		Debug|Any CPU = Debug|Any CPU
		Release|Any CPU = Release|Any CPU
	EndGlobalSection
	GlobalSection(ProjectConfigurationPlatforms) = postSolution
		{1B7D3308-3692-48A8-895E-FEFCB26BC11F}.Debug|Any CPU.ActiveCfg = Debug|Any CPU
		{1B7D3308-3692-48A8-895E-FEFCB26BC11F}.Debug|Any CPU.Build.0 = Debug|Any CPU
		{1B7D3308-3692-48A8-895E-FEFCB26BC11F}.Release|Any CPU.ActiveCfg = Release|Any CPU
		{1B7D3308-3692-48A8-895E-FEFCB26BC11F}.Release|Any CPU.Build.0 = Release|Any CPU
		{0EC027F3-0A9C-49C5-9910-D3EA7C02AC7F}.Debug|Any CPU.ActiveCfg = Debug|Any CPU
		{0EC027F3-0A9C-49C5-9910-D3EA7C02AC7F}.Debug|Any CPU.Build.0 = Debug|Any CPU
		{0EC027F3-0A9C-49C5-9910-D3EA7C02AC7F}.Release|Any CPU.ActiveCfg = Release|Any CPU
		{0EC027F3-0A9C-49C5-9910-D3EA7C02AC7F}.Release|Any CPU.Build.0 = Release|Any CPU
		{E9D9D9E8-1094-4BE6-8C8B-52C80A731285}.Debug|Any CPU.ActiveCfg = Debug|Any CPU
		{E9D9D9E8-1094-4BE6-8C8B-52C80A731285}.Debug|Any CPU.Build.0 = Debug|Any CPU
		{E9D9D9E8-1094-4BE6-8C8B-52C80A731285}.Release|Any CPU.ActiveCfg = Release|Any CPU
		{E9D9D9E8-1094-4BE6-8C8B-52C80A731285}.Release|Any CPU.Build.0 = Release|Any CPU
	EndGlobalSection
	GlobalSection(SolutionProperties) = preSolution
		HideSolutionNode = FALSE
	EndGlobalSection
	GlobalSection(ExtensibilityGlobals) = postSolution
		SolutionGuid = {8512AF21-981C-4111-BC8A-C5D1B3892D4B}
	EndGlobalSection
EndGlobal
